
Microsoft Visual Studio Solution File, Format Version 12.00
# Visual Studio 15
Project("{FAE04EC0-301F-11D3-BF4B-00C04F79EFBC}") = "Assembly-CSharp", "Assembly-CSharp.csproj", "{59630506-BF50-61A6-2794-2A33207FA5DC}"
EndProject
Project("{FAE04EC0-301F-11D3-BF4B-00C04F79EFBC}") = "Assembly-CSharp-Editor", "Assembly-CSharp-Editor.csproj", "{F8128F43-21DA-833E-67B9-912F086E9CAD}"
EndProject
Global
	GlobalSection(SolutionConfigurationPlatforms) = preSolution
		Debug|Any CPU = Debug|Any CPU
		Release|Any CPU = Release|Any CPU
	EndGlobalSection
	GlobalSection(ProjectConfigurationPlatforms) = postSolution
		{59630506-BF50-61A6-2794-2A33207FA5DC}.Debug|Any CPU.ActiveCfg = Debug|Any CPU
		{59630506-BF50-61A6-2794-2A33207FA5DC}.Debug|Any CPU.Build.0 = Debug|Any CPU
		{59630506-BF50-61A6-2794-2A33207FA5DC}.Release|Any CPU.ActiveCfg = Release|Any CPU
		{59630506-BF50-61A6-2794-2A33207FA5DC}.Release|Any CPU.Build.0 = Release|Any CPU
		{F8128F43-21DA-833E-67B9-912F086E9CAD}.Debug|Any CPU.ActiveCfg = Debug|Any CPU
		{F8128F43-21DA-833E-67B9-912F086E9CAD}.Debug|Any CPU.Build.0 = Debug|Any CPU
		{F8128F43-21DA-833E-67B9-912F086E9CAD}.Release|Any CPU.ActiveCfg = Release|Any CPU
		{F8128F43-21DA-833E-67B9-912F086E9CAD}.Release|Any CPU.Build.0 = Release|Any CPU
	EndGlobalSection
	GlobalSection(SolutionProperties) = preSolution
		HideSolutionNode = FALSE
	EndGlobalSection
EndGlobal
